
Microsoft Visual Studio Solution File, Format Version 12.00
# Visual Studio Version 17
VisualStudioVersion = 17.7.34018.315
MinimumVisualStudioVersion = 10.0.40219.1
Project("{FAE04EC0-301F-11D3-BF4B-00C04F79EFBC}") = "Inheritance", "Inheritance\Inheritance.csproj", "{6323357D-5127-4520-863A-AA0DE7538706}"
EndProject
Global
	GlobalSection(SolutionConfigurationPlatforms) = preSolution
		Debug|Any CPU = Debug|Any CPU
		Release|Any CPU = Release|Any CPU
	EndGlobalSection
	GlobalSection(ProjectConfigurationPlatforms) = postSolution
		{6323357D-5127-4520-863A-AA0DE7538706}.Debug|Any CPU.ActiveCfg = Debug|Any CPU
		{6323357D-5127-4520-863A-AA0DE7538706}.Debug|Any CPU.Build.0 = Debug|Any CPU
		{6323357D-5127-4520-863A-AA0DE7538706}.Release|Any CPU.ActiveCfg = Release|Any CPU
		{6323357D-5127-4520-863A-AA0DE7538706}.Release|Any CPU.Build.0 = Release|Any CPU
	EndGlobalSection
	GlobalSection(SolutionProperties) = preSolution
		HideSolutionNode = FALSE
	EndGlobalSection
	GlobalSection(ExtensibilityGlobals) = postSolution
		SolutionGuid = {DA9B6C76-11B3-4C0A-B1D7-194DAE73CFEF}
	EndGlobalSection
EndGlobal
